
Microsoft Visual Studio Solution File, Format Version 12.00
# Visual Studio Version 16
VisualStudioVersion = 16.0.29505.145
MinimumVisualStudioVersion = 10.0.40219.1
Project("{9A19103F-16F7-4668-BE54-9A1E7A4F7556}") = "Blazor.Msal.Client", "Blazor.Msal.Client\Blazor.Msal.Client.csproj", "{C85EB13E-0C15-4AAB-95C2-C450432606BE}"
EndProject
Project("{9A19103F-16F7-4668-BE54-9A1E7A4F7556}") = "Blazor.Msal.Api", "Blazor.Msal.Api\Blazor.Msal.Api.csproj", "{62214484-3BAC-4211-8EDD-63917E4FAAD3}"
EndProject
Project("{9A19103F-16F7-4668-BE54-9A1E7A4F7556}") = "Blazor.Msal.Shared", "Blazor.Msal.Shared\Blazor.Msal.Shared.csproj", "{F6393FF6-518D-4CB2-B4F4-978D965F7475}"
EndProject
Project("{2150E333-8FDC-42A3-9474-1A3956D46DE8}") = "AppCreationScripts", "AppCreationScripts", "{E01581E4-B549-433C-BFC8-DBC2312E7E34}"
	ProjectSection(SolutionItems) = preProject
		AppCreationScripts\CleanUp.ps1 = AppCreationScripts\CleanUp.ps1
		AppCreationScripts\Create.ps1 = AppCreationScripts\Create.ps1
	EndProjectSection
EndProject
Global
	GlobalSection(SolutionConfigurationPlatforms) = preSolution
		Debug|Any CPU = Debug|Any CPU
		Release|Any CPU = Release|Any CPU
	EndGlobalSection
	GlobalSection(ProjectConfigurationPlatforms) = postSolution
		{C85EB13E-0C15-4AAB-95C2-C450432606BE}.Debug|Any CPU.ActiveCfg = Debug|Any CPU
		{C85EB13E-0C15-4AAB-95C2-C450432606BE}.Debug|Any CPU.Build.0 = Debug|Any CPU
		{C85EB13E-0C15-4AAB-95C2-C450432606BE}.Release|Any CPU.ActiveCfg = Release|Any CPU
		{C85EB13E-0C15-4AAB-95C2-C450432606BE}.Release|Any CPU.Build.0 = Release|Any CPU
		{62214484-3BAC-4211-8EDD-63917E4FAAD3}.Debug|Any CPU.ActiveCfg = Debug|Any CPU
		{62214484-3BAC-4211-8EDD-63917E4FAAD3}.Debug|Any CPU.Build.0 = Debug|Any CPU
		{62214484-3BAC-4211-8EDD-63917E4FAAD3}.Release|Any CPU.ActiveCfg = Release|Any CPU
		{62214484-3BAC-4211-8EDD-63917E4FAAD3}.Release|Any CPU.Build.0 = Release|Any CPU
		{F6393FF6-518D-4CB2-B4F4-978D965F7475}.Debug|Any CPU.ActiveCfg = Debug|Any CPU
		{F6393FF6-518D-4CB2-B4F4-978D965F7475}.Debug|Any CPU.Build.0 = Debug|Any CPU
		{F6393FF6-518D-4CB2-B4F4-978D965F7475}.Release|Any CPU.ActiveCfg = Release|Any CPU
		{F6393FF6-518D-4CB2-B4F4-978D965F7475}.Release|Any CPU.Build.0 = Release|Any CPU
	EndGlobalSection
	GlobalSection(SolutionProperties) = preSolution
		HideSolutionNode = FALSE
	EndGlobalSection
	GlobalSection(ExtensibilityGlobals) = postSolution
		SolutionGuid = {D8BCD0D4-19F8-4921-BBB0-EA767F0926E7}
	EndGlobalSection
EndGlobal
