
Microsoft Visual Studio Solution File, Format Version 12.00
# Visual Studio Version 16
VisualStudioVersion = 16.0.29505.145
MinimumVisualStudioVersion = 10.0.40219.1
Project("{9A19103F-16F7-4668-BE54-9A1E7A4F7556}") = "Blazor.Msal.Client", "Sample\Blazor.Msal.Client\Blazor.Msal.Client.csproj", "{C85EB13E-0C15-4AAB-95C2-C450432606BE}"
EndProject
Project("{9A19103F-16F7-4668-BE54-9A1E7A4F7556}") = "Blazor.Msal.Api", "Sample\Blazor.Msal.Api\Blazor.Msal.Api.csproj", "{62214484-3BAC-4211-8EDD-63917E4FAAD3}"
EndProject
Project("{9A19103F-16F7-4668-BE54-9A1E7A4F7556}") = "Blazor.Msal.Shared", "Sample\Blazor.Msal.Shared\Blazor.Msal.Shared.csproj", "{F6393FF6-518D-4CB2-B4F4-978D965F7475}"
EndProject
Project("{2150E333-8FDC-42A3-9474-1A3956D46DE8}") = "AppCreationScripts", "AppCreationScripts", "{E01581E4-B549-433C-BFC8-DBC2312E7E34}"
	ProjectSection(SolutionItems) = preProject
		AppCreationScripts\CleanUp.ps1 = AppCreationScripts\CleanUp.ps1
		AppCreationScripts\Create.ps1 = AppCreationScripts\Create.ps1
	EndProjectSection
EndProject
Project("{9A19103F-16F7-4668-BE54-9A1E7A4F7556}") = "Des.Blazor.Authorization.Msal", "Des.Blazor.Authorization.Msal\Des.Blazor.Authorization.Msal.csproj", "{9EDA3956-FE10-4B51-971F-436023EA9ABB}"
EndProject
Project("{2150E333-8FDC-42A3-9474-1A3956D46DE8}") = "Tests", "Tests", "{697E257E-DBD8-4FEE-BA41-5F5F86107159}"
EndProject
Project("{2150E333-8FDC-42A3-9474-1A3956D46DE8}") = "Sample", "Sample", "{08CDF105-CDD7-4522-845E-BF1885604DAF}"
EndProject
Project("{FAE04EC0-301F-11D3-BF4B-00C04F79EFBC}") = "Des.Blazor.Authorization.Msal.Tests", "Tests\Des.Blazor.Authorization.Msal.Tests\Des.Blazor.Authorization.Msal.Tests.csproj", "{F0E27600-7A39-43CB-BAEF-E1DD582490DF}"
EndProject
Global
	GlobalSection(SolutionConfigurationPlatforms) = preSolution
		Debug|Any CPU = Debug|Any CPU
		Release|Any CPU = Release|Any CPU
	EndGlobalSection
	GlobalSection(ProjectConfigurationPlatforms) = postSolution
		{C85EB13E-0C15-4AAB-95C2-C450432606BE}.Debug|Any CPU.ActiveCfg = Debug|Any CPU
		{C85EB13E-0C15-4AAB-95C2-C450432606BE}.Debug|Any CPU.Build.0 = Debug|Any CPU
		{C85EB13E-0C15-4AAB-95C2-C450432606BE}.Release|Any CPU.ActiveCfg = Release|Any CPU
		{C85EB13E-0C15-4AAB-95C2-C450432606BE}.Release|Any CPU.Build.0 = Release|Any CPU
		{62214484-3BAC-4211-8EDD-63917E4FAAD3}.Debug|Any CPU.ActiveCfg = Debug|Any CPU
		{62214484-3BAC-4211-8EDD-63917E4FAAD3}.Debug|Any CPU.Build.0 = Debug|Any CPU
		{62214484-3BAC-4211-8EDD-63917E4FAAD3}.Release|Any CPU.ActiveCfg = Release|Any CPU
		{62214484-3BAC-4211-8EDD-63917E4FAAD3}.Release|Any CPU.Build.0 = Release|Any CPU
		{F6393FF6-518D-4CB2-B4F4-978D965F7475}.Debug|Any CPU.ActiveCfg = Debug|Any CPU
		{F6393FF6-518D-4CB2-B4F4-978D965F7475}.Debug|Any CPU.Build.0 = Debug|Any CPU
		{F6393FF6-518D-4CB2-B4F4-978D965F7475}.Release|Any CPU.ActiveCfg = Release|Any CPU
		{F6393FF6-518D-4CB2-B4F4-978D965F7475}.Release|Any CPU.Build.0 = Release|Any CPU
		{9EDA3956-FE10-4B51-971F-436023EA9ABB}.Debug|Any CPU.ActiveCfg = Debug|Any CPU
		{9EDA3956-FE10-4B51-971F-436023EA9ABB}.Debug|Any CPU.Build.0 = Debug|Any CPU
		{9EDA3956-FE10-4B51-971F-436023EA9ABB}.Release|Any CPU.ActiveCfg = Release|Any CPU
		{9EDA3956-FE10-4B51-971F-436023EA9ABB}.Release|Any CPU.Build.0 = Release|Any CPU
		{F0E27600-7A39-43CB-BAEF-E1DD582490DF}.Debug|Any CPU.ActiveCfg = Debug|Any CPU
		{F0E27600-7A39-43CB-BAEF-E1DD582490DF}.Debug|Any CPU.Build.0 = Debug|Any CPU
		{F0E27600-7A39-43CB-BAEF-E1DD582490DF}.Release|Any CPU.ActiveCfg = Release|Any CPU
		{F0E27600-7A39-43CB-BAEF-E1DD582490DF}.Release|Any CPU.Build.0 = Release|Any CPU
	EndGlobalSection
	GlobalSection(SolutionProperties) = preSolution
		HideSolutionNode = FALSE
	EndGlobalSection
	GlobalSection(NestedProjects) = preSolution
		{C85EB13E-0C15-4AAB-95C2-C450432606BE} = {08CDF105-CDD7-4522-845E-BF1885604DAF}
		{62214484-3BAC-4211-8EDD-63917E4FAAD3} = {08CDF105-CDD7-4522-845E-BF1885604DAF}
		{F6393FF6-518D-4CB2-B4F4-978D965F7475} = {08CDF105-CDD7-4522-845E-BF1885604DAF}
		{F0E27600-7A39-43CB-BAEF-E1DD582490DF} = {697E257E-DBD8-4FEE-BA41-5F5F86107159}
	EndGlobalSection
	GlobalSection(ExtensibilityGlobals) = postSolution
		SolutionGuid = {D8BCD0D4-19F8-4921-BBB0-EA767F0926E7}
	EndGlobalSection
EndGlobal
